
Microsoft Visual Studio Solution File, Format Version 12.00
# Visual Studio Version 17
VisualStudioVersion = 17.1.32210.238
MinimumVisualStudioVersion = 10.0.40219.1
Project("{FAE04EC0-301F-11D3-BF4B-00C04F79EFBC}") = "WindowsFormsApp_Lab2_SGBD", "WindowsFormsApp_Lab2_SGBD.csproj", "{FF7A68E9-E91B-4516-AD40-6733FA65AEEE}"
EndProject
Global
	GlobalSection(SolutionConfigurationPlatforms) = preSolution
		Debug|Any CPU = Debug|Any CPU
		Release|Any CPU = Release|Any CPU
	EndGlobalSection
	GlobalSection(ProjectConfigurationPlatforms) = postSolution
		{FF7A68E9-E91B-4516-AD40-6733FA65AEEE}.Debug|Any CPU.ActiveCfg = Debug|Any CPU
		{FF7A68E9-E91B-4516-AD40-6733FA65AEEE}.Debug|Any CPU.Build.0 = Debug|Any CPU
		{FF7A68E9-E91B-4516-AD40-6733FA65AEEE}.Release|Any CPU.ActiveCfg = Release|Any CPU
		{FF7A68E9-E91B-4516-AD40-6733FA65AEEE}.Release|Any CPU.Build.0 = Release|Any CPU
	EndGlobalSection
	GlobalSection(SolutionProperties) = preSolution
		HideSolutionNode = FALSE
	EndGlobalSection
	GlobalSection(ExtensibilityGlobals) = postSolution
		SolutionGuid = {099F523C-F9A7-4353-AF6F-A2E0221B006D}
	EndGlobalSection
EndGlobal
